{
	"name": "portfolio",
	"version": "1.0.0",
	"lockfileVersion": 2,
	"requires": true,
	"packages": {
		"": {
			"name": "portfolio",
			"version": "1.0.0",
			"dependencies": {
				"@types/aos": "^3.0.3",
				"@types/dot": "^1.1.4"
			}
		},
		"node_modules/@types/aos": {
			"version": "3.0.4",
			"resolved": "https://registry.npmjs.org/@types/aos/-/aos-3.0.4.tgz",
			"integrity": "sha512-mna6Jd6bdK1NpwarLopGvXOgUoCfj0470IwLxuVOFDElTGI0JTd7xSGQ0AjbAEnHErC/b3fA9t2uB3IXVKmckA=="
		},
		"node_modules/@types/dot": {
			"version": "1.1.5",
			"resolved": "https://registry.npmjs.org/@types/dot/-/dot-1.1.5.tgz",
			"integrity": "sha512-fguu7IaFdubwG18Y6GbjVM9yItNeQezVCvsXn/QFPe/+Vsbjpz+Rddi3Fg/YX11+xqeaB0sPSfP3ebLI4NNGGw=="
		}
	},
	"dependencies": {
		"@types/aos": {
			"version": "3.0.4",
			"resolved": "https://registry.npmjs.org/@types/aos/-/aos-3.0.4.tgz",
			"integrity": "sha512-mna6Jd6bdK1NpwarLopGvXOgUoCfj0470IwLxuVOFDElTGI0JTd7xSGQ0AjbAEnHErC/b3fA9t2uB3IXVKmckA=="
		},
		"@types/dot": {
			"version": "1.1.5",
			"resolved": "https://registry.npmjs.org/@types/dot/-/dot-1.1.5.tgz",
			"integrity": "sha512-fguu7IaFdubwG18Y6GbjVM9yItNeQezVCvsXn/QFPe/+Vsbjpz+Rddi3Fg/YX11+xqeaB0sPSfP3ebLI4NNGGw=="
		}
	}
}
